{
  "name": "maspire-angular",
  "lockfileVersion": 2,
  "requires": true,
  "packages": {
    "": {
      "dependencies": {
        "popper.js": "^1.16.1",
        "raven-js": "^3.27.2"
      }
    },
    "node_modules/popper.js": {
      "version": "1.16.1",
      "resolved": "https://registry.npmjs.org/popper.js/-/popper.js-1.16.1.tgz",
      "integrity": "sha512-Wb4p1J4zyFTbM+u6WuO4XstYx4Ky9Cewe4DWrel7B0w6VVICvPwdOpotjzcf6eD8TsckVnIMNONQyPIUFOUbCQ==",
      "deprecated": "You can find the new Popper v2 at @popperjs/core, this package is dedicated to the legacy v1",
      "funding": {
        "type": "opencollective",
        "url": "https://opencollective.com/popperjs"
      }
    },
    "node_modules/raven-js": {
      "version": "3.27.2",
      "resolved": "https://registry.npmjs.org/raven-js/-/raven-js-3.27.2.tgz",
      "integrity": "sha512-mFWQcXnhRFEQe5HeFroPaEghlnqy7F5E2J3Fsab189ondqUzcjwSVi7el7F36cr6PvQYXoZ1P2F5CSF2/azeMQ==",
      "deprecated": "Please upgrade to @sentry/browser. See the migration guide https://bit.ly/3ybOlo7"
    }
  },
  "dependencies": {
    "popper.js": {
      "version": "1.16.1",
      "resolved": "https://registry.npmjs.org/popper.js/-/popper.js-1.16.1.tgz",
      "integrity": "sha512-Wb4p1J4zyFTbM+u6WuO4XstYx4Ky9Cewe4DWrel7B0w6VVICvPwdOpotjzcf6eD8TsckVnIMNONQyPIUFOUbCQ=="
    },
    "raven-js": {
      "version": "3.27.2",
      "resolved": "https://registry.npmjs.org/raven-js/-/raven-js-3.27.2.tgz",
      "integrity": "sha512-mFWQcXnhRFEQe5HeFroPaEghlnqy7F5E2J3Fsab189ondqUzcjwSVi7el7F36cr6PvQYXoZ1P2F5CSF2/azeMQ=="
    }
  }
}
